
Microsoft Visual Studio Solution File, Format Version 12.00
# Visual Studio 15
Project("{FAE04EC0-301F-11D3-BF4B-00C04F79EFBC}") = "Assembly-CSharp", "Assembly-CSharp.csproj", "{AE50981B-3DEF-5BDD-1E71-5450C1617F4A}"
EndProject
Global
	GlobalSection(SolutionConfigurationPlatforms) = preSolution
		Debug|Any CPU = Debug|Any CPU
		Release|Any CPU = Release|Any CPU
	EndGlobalSection
	GlobalSection(ProjectConfigurationPlatforms) = postSolution
		{AE50981B-3DEF-5BDD-1E71-5450C1617F4A}.Debug|Any CPU.ActiveCfg = Debug|Any CPU
		{AE50981B-3DEF-5BDD-1E71-5450C1617F4A}.Debug|Any CPU.Build.0 = Debug|Any CPU
		{AE50981B-3DEF-5BDD-1E71-5450C1617F4A}.Release|Any CPU.ActiveCfg = Release|Any CPU
		{AE50981B-3DEF-5BDD-1E71-5450C1617F4A}.Release|Any CPU.Build.0 = Release|Any CPU
	EndGlobalSection
	GlobalSection(SolutionProperties) = preSolution
		HideSolutionNode = FALSE
	EndGlobalSection
EndGlobal
